
Microsoft Visual Studio Solution File, Format Version 12.00
# Visual Studio Version 17
VisualStudioVersion = 17.10.35013.160
MinimumVisualStudioVersion = 10.0.40219.1
Project("{FAE04EC0-301F-11D3-BF4B-00C04F79EFBC}") = "Beverages_WebAPI", "Beverages_WebAPI\Beverages_WebAPI.csproj", "{45EA698B-C508-4502-A243-B7AA27C8E393}"
EndProject
Global
	GlobalSection(SolutionConfigurationPlatforms) = preSolution
		Debug|Any CPU = Debug|Any CPU
		Release|Any CPU = Release|Any CPU
	EndGlobalSection
	GlobalSection(ProjectConfigurationPlatforms) = postSolution
		{45EA698B-C508-4502-A243-B7AA27C8E393}.Debug|Any CPU.ActiveCfg = Debug|Any CPU
		{45EA698B-C508-4502-A243-B7AA27C8E393}.Debug|Any CPU.Build.0 = Debug|Any CPU
		{45EA698B-C508-4502-A243-B7AA27C8E393}.Release|Any CPU.ActiveCfg = Release|Any CPU
		{45EA698B-C508-4502-A243-B7AA27C8E393}.Release|Any CPU.Build.0 = Release|Any CPU
	EndGlobalSection
	GlobalSection(SolutionProperties) = preSolution
		HideSolutionNode = FALSE
	EndGlobalSection
	GlobalSection(ExtensibilityGlobals) = postSolution
		SolutionGuid = {4BA99EFA-2812-4CD9-9659-03FA39CAF83F}
	EndGlobalSection
EndGlobal
